
Microsoft Visual Studio Solution File, Format Version 12.00
# Visual Studio Version 16
VisualStudioVersion = 16.0.31729.503
MinimumVisualStudioVersion = 10.0.40219.1
Project("{FAE04EC0-301F-11D3-BF4B-00C04F79EFBC}") = "BaseProject", "BaseProject\BaseProject.csproj", "{92A1B98D-13EB-44EC-8C76-AD026153512B}"
EndProject
Global
	GlobalSection(SolutionConfigurationPlatforms) = preSolution
		Debug|Any CPU = Debug|Any CPU
		Release|Any CPU = Release|Any CPU
	EndGlobalSection
	GlobalSection(ProjectConfigurationPlatforms) = postSolution
		{92A1B98D-13EB-44EC-8C76-AD026153512B}.Debug|Any CPU.ActiveCfg = Debug|Any CPU
		{92A1B98D-13EB-44EC-8C76-AD026153512B}.Debug|Any CPU.Build.0 = Debug|Any CPU
		{92A1B98D-13EB-44EC-8C76-AD026153512B}.Release|Any CPU.ActiveCfg = Release|Any CPU
		{92A1B98D-13EB-44EC-8C76-AD026153512B}.Release|Any CPU.Build.0 = Release|Any CPU
	EndGlobalSection
	GlobalSection(SolutionProperties) = preSolution
		HideSolutionNode = FALSE
	EndGlobalSection
	GlobalSection(ExtensibilityGlobals) = postSolution
		SolutionGuid = {F26C8B5C-0724-4038-B4AC-ED8246B014D4}
	EndGlobalSection
EndGlobal
